
Microsoft Visual Studio Solution File, Format Version 12.00
# Visual Studio Version 17
VisualStudioVersion = 17.10.35027.167
MinimumVisualStudioVersion = 10.0.40219.1
Project("{FAE04EC0-301F-11D3-BF4B-00C04F79EFBC}") = "Assignment03AdvancedCS", "Assignment03AdvancedCS\Assignment03AdvancedCS.csproj", "{117F6C23-9F95-4565-A4FD-BA1C80947F55}"
EndProject
Project("{FAE04EC0-301F-11D3-BF4B-00C04F79EFBC}") = "Demo", "Demo\Demo.csproj", "{37291A81-5484-4077-8B9F-721DDEACC2D2}"
EndProject
Global
	GlobalSection(SolutionConfigurationPlatforms) = preSolution
		Debug|Any CPU = Debug|Any CPU
		Release|Any CPU = Release|Any CPU
	EndGlobalSection
	GlobalSection(ProjectConfigurationPlatforms) = postSolution
		{117F6C23-9F95-4565-A4FD-BA1C80947F55}.Debug|Any CPU.ActiveCfg = Debug|Any CPU
		{117F6C23-9F95-4565-A4FD-BA1C80947F55}.Debug|Any CPU.Build.0 = Debug|Any CPU
		{117F6C23-9F95-4565-A4FD-BA1C80947F55}.Release|Any CPU.ActiveCfg = Release|Any CPU
		{117F6C23-9F95-4565-A4FD-BA1C80947F55}.Release|Any CPU.Build.0 = Release|Any CPU
		{37291A81-5484-4077-8B9F-721DDEACC2D2}.Debug|Any CPU.ActiveCfg = Debug|Any CPU
		{37291A81-5484-4077-8B9F-721DDEACC2D2}.Debug|Any CPU.Build.0 = Debug|Any CPU
		{37291A81-5484-4077-8B9F-721DDEACC2D2}.Release|Any CPU.ActiveCfg = Release|Any CPU
		{37291A81-5484-4077-8B9F-721DDEACC2D2}.Release|Any CPU.Build.0 = Release|Any CPU
	EndGlobalSection
	GlobalSection(SolutionProperties) = preSolution
		HideSolutionNode = FALSE
	EndGlobalSection
	GlobalSection(ExtensibilityGlobals) = postSolution
		SolutionGuid = {D5EAD404-8931-4D61-9A38-783DAF6529EE}
	EndGlobalSection
EndGlobal
